Microsoft Visual Studio Solution File, Format Version 12.00
# Visual Studio 2012
Project("{FAE04EC0-301F-11D3-BF4B-00C04F79EFBC}") = "SplashScreen", "SplashScreen.csproj", "{743EDB81-D2AC-4A52-A313-50BD4229401B}"
EndProject
Project("{FAE04EC0-301F-11D3-BF4B-00C04F79EFBC}") = "TestIt", "TestIt\TestIt.csproj", "{9F926100-1579-4A7F-B0C9-05DC18342106}"
EndProject
Global
	GlobalSection(SolutionConfigurationPlatforms) = preSolution
		Debug|Any CPU = Debug|Any CPU
		Release|Any CPU = Release|Any CPU
	EndGlobalSection
	GlobalSection(ProjectConfigurationPlatforms) = postSolution
		{743EDB81-D2AC-4A52-A313-50BD4229401B}.Debug|Any CPU.ActiveCfg = Debug|Any CPU
		{743EDB81-D2AC-4A52-A313-50BD4229401B}.Debug|Any CPU.Build.0 = Debug|Any CPU
		{743EDB81-D2AC-4A52-A313-50BD4229401B}.Release|Any CPU.ActiveCfg = Release|Any CPU
		{743EDB81-D2AC-4A52-A313-50BD4229401B}.Release|Any CPU.Build.0 = Release|Any CPU
		{9F926100-1579-4A7F-B0C9-05DC18342106}.Debug|Any CPU.ActiveCfg = Debug|Any CPU
		{9F926100-1579-4A7F-B0C9-05DC18342106}.Debug|Any CPU.Build.0 = Debug|Any CPU
		{9F926100-1579-4A7F-B0C9-05DC18342106}.Release|Any CPU.ActiveCfg = Release|Any CPU
		{9F926100-1579-4A7F-B0C9-05DC18342106}.Release|Any CPU.Build.0 = Release|Any CPU
	EndGlobalSection
	GlobalSection(SolutionProperties) = preSolution
		HideSolutionNode = FALSE
	EndGlobalSection
EndGlobal
